
Microsoft Visual Studio Solution File, Format Version 12.00
# Visual Studio Version 17
VisualStudioVersion = 17.14.36408.4 d17.14
MinimumVisualStudioVersion = 10.0.40219.1
Project("{FAE04EC0-301F-11D3-BF4B-00C04F79EFBC}") = "ContactProMVC", "ContactProMVC.csproj", "{BAC14D49-8E13-4ADB-956A-053F8F7CCDD0}"
EndProject
Global
	GlobalSection(SolutionConfigurationPlatforms) = preSolution
		Debug|Any CPU = Debug|Any CPU
		Release|Any CPU = Release|Any CPU
	EndGlobalSection
	GlobalSection(ProjectConfigurationPlatforms) = postSolution
		{BAC14D49-8E13-4ADB-956A-053F8F7CCDD0}.Debug|Any CPU.ActiveCfg = Debug|Any CPU
		{BAC14D49-8E13-4ADB-956A-053F8F7CCDD0}.Debug|Any CPU.Build.0 = Debug|Any CPU
		{BAC14D49-8E13-4ADB-956A-053F8F7CCDD0}.Release|Any CPU.ActiveCfg = Release|Any CPU
		{BAC14D49-8E13-4ADB-956A-053F8F7CCDD0}.Release|Any CPU.Build.0 = Release|Any CPU
	EndGlobalSection
	GlobalSection(SolutionProperties) = preSolution
		HideSolutionNode = FALSE
	EndGlobalSection
	GlobalSection(ExtensibilityGlobals) = postSolution
		SolutionGuid = {1D3A0546-42B2-4690-A039-3EC38F0B323D}
	EndGlobalSection
EndGlobal
